
Microsoft Visual Studio Solution File, Format Version 12.00
# Visual Studio 2013
VisualStudioVersion = 12.0.21005.1
MinimumVisualStudioVersion = 10.0.40219.1
Project("{FAE04EC0-301F-11D3-BF4B-00C04F79EFBC}") = "JordyLibary", "SuporLibary\JordyLibary.csproj", "{BEB2E522-06E6-4033-8130-32107ED83849}"
EndProject
Project("{FAE04EC0-301F-11D3-BF4B-00C04F79EFBC}") = "JordyTest", "SuperTest\JordyTest.csproj", "{0AC23214-7F9A-4D65-9D6F-92AB5591BCF1}"
EndProject
Project("{FAE04EC0-301F-11D3-BF4B-00C04F79EFBC}") = "JordyCodeGenerator", "SuporCodeGenerator\JordyCodeGenerator.csproj", "{C8516338-AC5C-4042-BD0D-175404E107EE}"
EndProject
Project("{FAE04EC0-301F-11D3-BF4B-00C04F79EFBC}") = "Jordy.MvcExtense", "Jordy.MvcExtense\Jordy.MvcExtense.csproj", "{F06028DC-DD33-4300-97BB-71545435B0D0}"
EndProject
Project("{FAE04EC0-301F-11D3-BF4B-00C04F79EFBC}") = "MVCTest", "MVCTest\MVCTest.csproj", "{86A8F944-7D5B-425A-B884-A22FAD609867}"
EndProject
Global
	GlobalSection(SolutionConfigurationPlatforms) = preSolution
		Debug|Any CPU = Debug|Any CPU
		Release|Any CPU = Release|Any CPU
	EndGlobalSection
	GlobalSection(ProjectConfigurationPlatforms) = postSolution
		{BEB2E522-06E6-4033-8130-32107ED83849}.Debug|Any CPU.ActiveCfg = Debug|Any CPU
		{BEB2E522-06E6-4033-8130-32107ED83849}.Debug|Any CPU.Build.0 = Debug|Any CPU
		{BEB2E522-06E6-4033-8130-32107ED83849}.Release|Any CPU.ActiveCfg = Release|Any CPU
		{BEB2E522-06E6-4033-8130-32107ED83849}.Release|Any CPU.Build.0 = Release|Any CPU
		{0AC23214-7F9A-4D65-9D6F-92AB5591BCF1}.Debug|Any CPU.ActiveCfg = Debug|Any CPU
		{0AC23214-7F9A-4D65-9D6F-92AB5591BCF1}.Debug|Any CPU.Build.0 = Debug|Any CPU
		{0AC23214-7F9A-4D65-9D6F-92AB5591BCF1}.Release|Any CPU.ActiveCfg = Release|Any CPU
		{0AC23214-7F9A-4D65-9D6F-92AB5591BCF1}.Release|Any CPU.Build.0 = Release|Any CPU
		{C8516338-AC5C-4042-BD0D-175404E107EE}.Debug|Any CPU.ActiveCfg = Debug|Any CPU
		{C8516338-AC5C-4042-BD0D-175404E107EE}.Debug|Any CPU.Build.0 = Debug|Any CPU
		{C8516338-AC5C-4042-BD0D-175404E107EE}.Release|Any CPU.ActiveCfg = Release|Any CPU
		{C8516338-AC5C-4042-BD0D-175404E107EE}.Release|Any CPU.Build.0 = Release|Any CPU
		{F06028DC-DD33-4300-97BB-71545435B0D0}.Debug|Any CPU.ActiveCfg = Debug|Any CPU
		{F06028DC-DD33-4300-97BB-71545435B0D0}.Debug|Any CPU.Build.0 = Debug|Any CPU
		{F06028DC-DD33-4300-97BB-71545435B0D0}.Release|Any CPU.ActiveCfg = Release|Any CPU
		{F06028DC-DD33-4300-97BB-71545435B0D0}.Release|Any CPU.Build.0 = Release|Any CPU
		{86A8F944-7D5B-425A-B884-A22FAD609867}.Debug|Any CPU.ActiveCfg = Debug|Any CPU
		{86A8F944-7D5B-425A-B884-A22FAD609867}.Debug|Any CPU.Build.0 = Debug|Any CPU
		{86A8F944-7D5B-425A-B884-A22FAD609867}.Release|Any CPU.ActiveCfg = Release|Any CPU
		{86A8F944-7D5B-425A-B884-A22FAD609867}.Release|Any CPU.Build.0 = Release|Any CPU
	EndGlobalSection
	GlobalSection(SolutionProperties) = preSolution
		HideSolutionNode = FALSE
	EndGlobalSection
EndGlobal
